
Microsoft Visual Studio Solution File, Format Version 12.00
# Visual Studio 2013
VisualStudioVersion = 12.0.21005.1
MinimumVisualStudioVersion = 10.0.40219.1
Project("{A0786B88-2ADB-4C21-ABE8-AA2D79766269}") = "OneNoteSamplePHP", "OneNoteSamplePHP\OneNoteSamplePHP.phpproj", "{752F72F3-7F67-458A-9615-8BF78B800BA0}"
EndProject
Global
	GlobalSection(SolutionConfigurationPlatforms) = preSolution
		Debug|Any CPU = Debug|Any CPU
		Release|Any CPU = Release|Any CPU
	EndGlobalSection
	GlobalSection(ProjectConfigurationPlatforms) = postSolution
		{752F72F3-7F67-458A-9615-8BF78B800BA0}.Debug|Any CPU.ActiveCfg = Debug|Any CPU
		{752F72F3-7F67-458A-9615-8BF78B800BA0}.Debug|Any CPU.Build.0 = Debug|Any CPU
		{752F72F3-7F67-458A-9615-8BF78B800BA0}.Release|Any CPU.ActiveCfg = Release|Any CPU
		{752F72F3-7F67-458A-9615-8BF78B800BA0}.Release|Any CPU.Build.0 = Release|Any CPU
	EndGlobalSection
	GlobalSection(SolutionProperties) = preSolution
		HideSolutionNode = FALSE
	EndGlobalSection
EndGlobal
